// !$*UTF8*$!
{
	archiveVersion = 1;
	classes = {
	};
	objectVersion = 46;
	objects = {

/* Begin PBXBuildFile section */
		8161D20C1B8627590090A108 /* PhotoAlbumCell.swift in Sources */ = {isa = PBXBuildFile; fileRef = 8161D20B1B8627590090A108 /* PhotoAlbumCell.swift */; };
		8161D20E1B867E230090A108 /* FlickrClient.swift in Sources */ = {isa = PBXBuildFile; fileRef = 8161D20D1B867E230090A108 /* FlickrClient.swift */; };
		81A1E92A1B965A2E00BC1D96 /* cellForItemAtIndexPath.swift in Sources */ = {isa = PBXBuildFile; fileRef = 81A1E9291B965A2E00BC1D96 /* cellForItemAtIndexPath.swift */; };
		81ADBCDB1B82EABA0028E1C8 /* AppDelegate.swift in Sources */ = {isa = PBXBuildFile; fileRef = 81ADBCDA1B82EABA0028E1C8 /* AppDelegate.swift */; };
		81ADBCDE1B82EABA0028E1C8 /* VirtualTourist.xcdatamodeld in Sources */ = {isa = PBXBuildFile; fileRef = 81ADBCDC1B82EABA0028E1C8 /* VirtualTourist.xcdatamodeld */; };
		81ADBCE51B82EABA0028E1C8 /* Images.xcassets in Resources */ = {isa = PBXBuildFile; fileRef = 81ADBCE41B82EABA0028E1C8 /* Images.xcassets */; };
		81ADBCE81B82EABA0028E1C8 /* LaunchScreen.xib in Resources */ = {isa = PBXBuildFile; fileRef = 81ADBCE61B82EABA0028E1C8 /* LaunchScreen.xib */; };
		81ADBCF41B82EABB0028E1C8 /* VirtualTouristTests.swift in Sources */ = {isa = PBXBuildFile; fileRef = 81ADBCF31B82EABA0028E1C8 /* VirtualTouristTests.swift */; };
		81ADBCFE1B82EB400028E1C8 /* Pin.swift in Sources */ = {isa = PBXBuildFile; fileRef = 81ADBCFD1B82EB400028E1C8 /* Pin.swift */; };
		81ADBD001B82F00D0028E1C8 /* Main.storyboard in Resources */ = {isa = PBXBuildFile; fileRef = 81ADBCFF1B82F00D0028E1C8 /* Main.storyboard */; };
		81ADBD041B8381750028E1C8 /* TravelMapViewController.swift in Sources */ = {isa = PBXBuildFile; fileRef = 81ADBD031B8381750028E1C8 /* TravelMapViewController.swift */; };
		81ADBD061B83F55D0028E1C8 /* TravelMapAnnotationView.swift in Sources */ = {isa = PBXBuildFile; fileRef = 81ADBD051B83F55D0028E1C8 /* TravelMapAnnotationView.swift */; };
		81ADBD081B8539620028E1C8 /* PhotoAlbumViewController.swift in Sources */ = {isa = PBXBuildFile; fileRef = 81ADBD071B8539620028E1C8 /* PhotoAlbumViewController.swift */; };
/* End PBXBuildFile section */

/* Begin PBXContainerItemProxy section */
		81ADBCEE1B82EABA0028E1C8 /* PBXContainerItemProxy */ = {
			isa = PBXContainerItemProxy;
			containerPortal = 81ADBCCD1B82EABA0028E1C8 /* Project object */;
			proxyType = 1;
			remoteGlobalIDString = 81ADBCD41B82EABA0028E1C8;
			remoteInfo = VirtualTourist;
		};
/* End PBXContainerItemProxy section */

/* Begin PBXFileReference section */
		8161D20B1B8627590090A108 /* PhotoAlbumCell.swift */ = {isa = PBXFileReference; fileEncoding = 4; lastKnownFileType = sourcecode.swift; path = PhotoAlbumCell.swift; sourceTree = "<group>"; };
		8161D20D1B867E230090A108 /* FlickrClient.swift */ = {isa = PBXFileReference; fileEncoding = 4; lastKnownFileType = sourcecode.swift; path = FlickrClient.swift; sourceTree = "<group>"; };
		81A1E9281B93F44B00BC1D96 /* EmptyArray.playground */ = {isa = PBXFileReference; lastKnownFileType = file.playground; name = EmptyArray.playground; path = ../../../EmptyArray.playground; sourceTree = "<group>"; };
		81A1E9291B965A2E00BC1D96 /* cellForItemAtIndexPath.swift */ = {isa = PBXFileReference; fileEncoding = 4; lastKnownFileType = sourcecode.swift; name = cellForItemAtIndexPath.swift; path = ../../../cellForItemAtIndexPath.swift; sourceTree = "<group>"; };
		81ADBCD51B82EABA0028E1C8 /* VirtualTourist.app */ = {isa = PBXFileReference; explicitFileType = wrapper.application; includeInIndex = 0; path = VirtualTourist.app; sourceTree = BUILT_PRODUCTS_DIR; };
		81ADBCD91B82EABA0028E1C8 /* Info.plist */ = {isa = PBXFileReference; lastKnownFileType = text.plist.xml; path = Info.plist; sourceTree = "<group>"; };
		81ADBCDA1B82EABA0028E1C8 /* AppDelegate.swift */ = {isa = PBXFileReference; lastKnownFileType = sourcecode.swift; path = AppDelegate.swift; sourceTree = "<group>"; };
		81ADBCDD1B82EABA0028E1C8 /* VirtualTourist.xcdatamodel */ = {isa = PBXFileReference; lastKnownFileType = wrapper.xcdatamodel; path = VirtualTourist.xcdatamodel; sourceTree = "<group>"; };
		81ADBCE41B82EABA0028E1C8 /* Images.xcassets */ = {isa = PBXFileReference; lastKnownFileType = folder.assetcatalog; path = Images.xcassets; sourceTree = "<group>"; };
		81ADBCE71B82EABA0028E1C8 /* Base */ = {isa = PBXFileReference; lastKnownFileType = file.xib; name = Base; path = Base.lproj/LaunchScreen.xib; sourceTree = "<group>"; };
		81ADBCED1B82EABA0028E1C8 /* VirtualTouristTests.xctest */ = {isa = PBXFileReference; explicitFileType = wrapper.cfbundle; includeInIndex = 0; path = VirtualTouristTests.xctest; sourceTree = BUILT_PRODUCTS_DIR; };
		81ADBCF21B82EABA0028E1C8 /* Info.plist */ = {isa = PBXFileReference; lastKnownFileType = text.plist.xml; path = Info.plist; sourceTree = "<group>"; };
		81ADBCF31B82EABA0028E1C8 /* VirtualTouristTests.swift */ = {isa = PBXFileReference; lastKnownFileType = sourcecode.swift; path = VirtualTouristTests.swift; sourceTree = "<group>"; };
		81ADBCFD1B82EB400028E1C8 /* Pin.swift */ = {isa = PBXFileReference; fileEncoding = 4; lastKnownFileType = sourcecode.swift; path = Pin.swift; sourceTree = "<group>"; };
		81ADBCFF1B82F00D0028E1C8 /* Main.storyboard */ = {isa = PBXFileReference; fileEncoding = 4; lastKnownFileType = file.storyboard; path = Main.storyboard; sourceTree = "<group>"; };
		81ADBD031B8381750028E1C8 /* TravelMapViewController.swift */ = {isa = PBXFileReference; fileEncoding = 4; lastKnownFileType = sourcecode.swift; name = TravelMapViewController.swift; path = ../TravelMapViewController.swift; sourceTree = "<group>"; };
		81ADBD051B83F55D0028E1C8 /* TravelMapAnnotationView.swift */ = {isa = PBXFileReference; fileEncoding = 4; lastKnownFileType = sourcecode.swift; path = TravelMapAnnotationView.swift; sourceTree = "<group>"; };
		81ADBD071B8539620028E1C8 /* PhotoAlbumViewController.swift */ = {isa = PBXFileReference; fileEncoding = 4; lastKnownFileType = sourcecode.swift; path = PhotoAlbumViewController.swift; sourceTree = "<group>"; };
/* End PBXFileReference section */

/* Begin PBXFrameworksBuildPhase section */
		81ADBCD21B82EABA0028E1C8 /* Frameworks */ = {
			isa = PBXFrameworksBuildPhase;
			buildActionMask = 2147483647;
			files = (
			);
			runOnlyForDeploymentPostprocessing = 0;
		};
		81ADBCEA1B82EABA0028E1C8 /* Frameworks */ = {
			isa = PBXFrameworksBuildPhase;
			buildActionMask = 2147483647;
			files = (
			);
			runOnlyForDeploymentPostprocessing = 0;
		};
/* End PBXFrameworksBuildPhase section */

/* Begin PBXGroup section */
		81ADBCCC1B82EABA0028E1C8 = {
			isa = PBXGroup;
			children = (
				81ADBCD71B82EABA0028E1C8 /* VirtualTourist */,
				81ADBCF01B82EABA0028E1C8 /* VirtualTouristTests */,
				81ADBCD61B82EABA0028E1C8 /* Products */,
			);
			sourceTree = "<group>";
		};
		81ADBCD61B82EABA0028E1C8 /* Products */ = {
			isa = PBXGroup;
			children = (
				81ADBCD51B82EABA0028E1C8 /* VirtualTourist.app */,
				81ADBCED1B82EABA0028E1C8 /* VirtualTouristTests.xctest */,
			);
			name = Products;
			sourceTree = "<group>";
		};
		81ADBCD71B82EABA0028E1C8 /* VirtualTourist */ = {
			isa = PBXGroup;
			children = (
				81ADBCE61B82EABA0028E1C8 /* LaunchScreen.xib */,
				81ADBCDA1B82EABA0028E1C8 /* AppDelegate.swift */,
				81ADBCE41B82EABA0028E1C8 /* Images.xcassets */,
				81ADBCDC1B82EABA0028E1C8 /* VirtualTourist.xcdatamodeld */,
				81ADBCFF1B82F00D0028E1C8 /* Main.storyboard */,
				81ADBCFD1B82EB400028E1C8 /* Pin.swift */,
				8161D20D1B867E230090A108 /* FlickrClient.swift */,
				81ADBD031B8381750028E1C8 /* TravelMapViewController.swift */,
				81ADBD051B83F55D0028E1C8 /* TravelMapAnnotationView.swift */,
				81ADBD071B8539620028E1C8 /* PhotoAlbumViewController.swift */,
				81A1E9291B965A2E00BC1D96 /* cellForItemAtIndexPath.swift */,
				8161D20B1B8627590090A108 /* PhotoAlbumCell.swift */,
				81A1E9281B93F44B00BC1D96 /* EmptyArray.playground */,
				81ADBCD81B82EABA0028E1C8 /* Supporting Files */,
			);
			path = VirtualTourist;
			sourceTree = "<group>";
		};
		81ADBCD81B82EABA0028E1C8 /* Supporting Files */ = {
			isa = PBXGroup;
			children = (
				81ADBCD91B82EABA0028E1C8 /* Info.plist */,
			);
			name = "Supporting Files";
			sourceTree = "<group>";
		};
		81ADBCF01B82EABA0028E1C8 /* VirtualTouristTests */ = {
			isa = PBXGroup;
			children = (
				81ADBCF31B82EABA0028E1C8 /* VirtualTouristTests.swift */,
				81ADBCF11B82EABA0028E1C8 /* Supporting Files */,
			);
			path = VirtualTouristTests;
			sourceTree = "<group>";
		};
		81ADBCF11B82EABA0028E1C8 /* Supporting Files */ = {
			isa = PBXGroup;
			children = (
				81ADBCF21B82EABA0028E1C8 /* Info.plist */,
			);
			name = "Supporting Files";
			sourceTree = "<group>";
		};
/* End PBXGroup section */

/* Begin PBXNativeTarget section */
		81ADBCD41B82EABA0028E1C8 /* VirtualTourist */ = {
			isa = PBXNativeTarget;
			buildConfigurationList = 81ADBCF71B82EABB0028E1C8 /* Build configuration list for PBXNativeTarget "VirtualTourist" */;
			buildPhases = (
				81ADBCD11B82EABA0028E1C8 /* Sources */,
				81ADBCD21B82EABA0028E1C8 /* Frameworks */,
				81ADBCD31B82EABA0028E1C8 /* Resources */,
			);
			buildRules = (
			);
			dependencies = (
			);
			name = VirtualTourist;
			productName = VirtualTourist;
			productReference = 81ADBCD51B82EABA0028E1C8 /* VirtualTourist.app */;
			productType = "com.apple.product-type.application";
		};
		81ADBCEC1B82EABA0028E1C8 /* VirtualTouristTests */ = {
			isa = PBXNativeTarget;
			buildConfigurationList = 81ADBCFA1B82EABB0028E1C8 /* Build configuration list for PBXNativeTarget "VirtualTouristTests" */;
			buildPhases = (
				81ADBCE91B82EABA0028E1C8 /* Sources */,
				81ADBCEA1B82EABA0028E1C8 /* Frameworks */,
				81ADBCEB1B82EABA0028E1C8 /* Resources */,
			);
			buildRules = (
			);
			dependencies = (
				81ADBCEF1B82EABA0028E1C8 /* PBXTargetDependency */,
			);
			name = VirtualTouristTests;
			productName = VirtualTouristTests;
			productReference = 81ADBCED1B82EABA0028E1C8 /* VirtualTouristTests.xctest */;
			productType = "com.apple.product-type.bundle.unit-test";
		};
/* End PBXNativeTarget section */

/* Begin PBXProject section */
		81ADBCCD1B82EABA0028E1C8 /* Project object */ = {
			isa = PBXProject;
			attributes = {
				LastUpgradeCheck = 0640;
				ORGANIZATIONNAME = AaronJ;
				TargetAttributes = {
					81ADBCD41B82EABA0028E1C8 = {
						CreatedOnToolsVersion = 6.4;
					};
					81ADBCEC1B82EABA0028E1C8 = {
						CreatedOnToolsVersion = 6.4;
						TestTargetID = 81ADBCD41B82EABA0028E1C8;
					};
				};
			};
			buildConfigurationList = 81ADBCD01B82EABA0028E1C8 /* Build configuration list for PBXProject "VirtualTourist" */;
			compatibilityVersion = "Xcode 3.2";
			developmentRegion = English;
			hasScannedForEncodings = 0;
			knownRegions = (
				en,
				Base,
			);
			mainGroup = 81ADBCCC1B82EABA0028E1C8;
			productRefGroup = 81ADBCD61B82EABA0028E1C8 /* Products */;
			projectDirPath = "";
			projectRoot = "";
			targets = (
				81ADBCD41B82EABA0028E1C8 /* VirtualTourist */,
				81ADBCEC1B82EABA0028E1C8 /* VirtualTouristTests */,
			);
		};
/* End PBXProject section */

/* Begin PBXResourcesBuildPhase section */
		81ADBCD31B82EABA0028E1C8 /* Resources */ = {
			isa = PBXResourcesBuildPhase;
			buildActionMask = 2147483647;
			files = (
				81ADBCE81B82EABA0028E1C8 /* LaunchScreen.xib in Resources */,
				81ADBCE51B82EABA0028E1C8 /* Images.xcassets in Resources */,
				81ADBD001B82F00D0028E1C8 /* Main.storyboard in Resources */,
			);
			runOnlyForDeploymentPostprocessing = 0;
		};
		81ADBCEB1B82EABA0028E1C8 /* Resources */ = {
			isa = PBXResourcesBuildPhase;
			buildActionMask = 2147483647;
			files = (
			);
			runOnlyForDeploymentPostprocessing = 0;
		};
/* End PBXResourcesBuildPhase section */

/* Begin PBXSourcesBuildPhase section */
		81ADBCD11B82EABA0028E1C8 /* Sources */ = {
			isa = PBXSourcesBuildPhase;
			buildActionMask = 2147483647;
			files = (
				81ADBCFE1B82EB400028E1C8 /* Pin.swift in Sources */,
				81ADBCDE1B82EABA0028E1C8 /* VirtualTourist.xcdatamodeld in Sources */,
				81ADBD061B83F55D0028E1C8 /* TravelMapAnnotationView.swift in Sources */,
				81ADBCDB1B82EABA0028E1C8 /* AppDelegate.swift in Sources */,
				81ADBD041B8381750028E1C8 /* TravelMapViewController.swift in Sources */,
				81A1E92A1B965A2E00BC1D96 /* cellForItemAtIndexPath.swift in Sources */,
				81ADBD081B8539620028E1C8 /* PhotoAlbumViewController.swift in Sources */,
				8161D20C1B8627590090A108 /* PhotoAlbumCell.swift in Sources */,
				8161D20E1B867E230090A108 /* FlickrClient.swift in Sources */,
			);
			runOnlyForDeploymentPostprocessing = 0;
		};
		81ADBCE91B82EABA0028E1C8 /* Sources */ = {
			isa = PBXSourcesBuildPhase;
			buildActionMask = 2147483647;
			files = (
				81ADBCF41B82EABB0028E1C8 /* VirtualTouristTests.swift in Sources */,
			);
			runOnlyForDeploymentPostprocessing = 0;
		};
/* End PBXSourcesBuildPhase section */

/* Begin PBXTargetDependency section */
		81ADBCEF1B82EABA0028E1C8 /* PBXTargetDependency */ = {
			isa = PBXTargetDependency;
			target = 81ADBCD41B82EABA0028E1C8 /* VirtualTourist */;
			targetProxy = 81ADBCEE1B82EABA0028E1C8 /* PBXContainerItemProxy */;
		};
/* End PBXTargetDependency section */

/* Begin PBXVariantGroup section */
		81ADBCE61B82EABA0028E1C8 /* LaunchScreen.xib */ = {
			isa = PBXVariantGroup;
			children = (
				81ADBCE71B82EABA0028E1C8 /* Base */,
			);
			name = LaunchScreen.xib;
			sourceTree = "<group>";
		};
/* End PBXVariantGroup section */

/* Begin XCBuildConfiguration section */
		81ADBCF51B82EABB0028E1C8 /* Debug */ = {
			isa = XCBuildConfiguration;
			buildSettings = {
				ALWAYS_SEARCH_USER_PATHS = NO;
				CLANG_CXX_LANGUAGE_STANDARD = "gnu++0x";
				CLANG_CXX_LIBRARY = "libc++";
				CLANG_ENABLE_MODULES = YES;
				CLANG_ENABLE_OBJC_ARC = YES;
				CLANG_WARN_BOOL_CONVERSION = YES;
				CLANG_WARN_CONSTANT_CONVERSION = YES;
				CLANG_WARN_DIRECT_OBJC_ISA_USAGE = YES_ERROR;
				CLANG_WARN_EMPTY_BODY = YES;
				CLANG_WARN_ENUM_CONVERSION = YES;
				CLANG_WARN_INT_CONVERSION = YES;
				CLANG_WARN_OBJC_ROOT_CLASS = YES_ERROR;
				CLANG_WARN_UNREACHABLE_CODE = YES;
				CLANG_WARN__DUPLICATE_METHOD_MATCH = YES;
				"CODE_SIGN_IDENTITY[sdk=iphoneos*]" = "iPhone Developer";
				COPY_PHASE_STRIP = NO;
				DEBUG_INFORMATION_FORMAT = "dwarf-with-dsym";
				ENABLE_STRICT_OBJC_MSGSEND = YES;
				GCC_C_LANGUAGE_STANDARD = gnu99;
				GCC_DYNAMIC_NO_PIC = NO;
				GCC_NO_COMMON_BLOCKS = YES;
				GCC_OPTIMIZATION_LEVEL = 0;
				GCC_PREPROCESSOR_DEFINITIONS = (
					"DEBUG=1",
					"$(inherited)",
				);
				GCC_SYMBOLS_PRIVATE_EXTERN = NO;
				GCC_WARN_64_TO_32_BIT_CONVERSION = YES;
				GCC_WARN_ABOUT_RETURN_TYPE = YES_ERROR;
				GCC_WARN_UNDECLARED_SELECTOR = YES;
				GCC_WARN_UNINITIALIZED_AUTOS = YES_AGGRESSIVE;
				GCC_WARN_UNUSED_FUNCTION = YES;
				GCC_WARN_UNUSED_VARIABLE = YES;
				IPHONEOS_DEPLOYMENT_TARGET = 8.4;
				MTL_ENABLE_DEBUG_INFO = YES;
				ONLY_ACTIVE_ARCH = YES;
				SDKROOT = iphoneos;
				SWIFT_OPTIMIZATION_LEVEL = "-Onone";
			};
			name = Debug;
		};
		81ADBCF61B82EABB0028E1C8 /* Release */ = {
			isa = XCBuildConfiguration;
			buildSettings = {
				ALWAYS_SEARCH_USER_PATHS = NO;
				CLANG_CXX_LANGUAGE_STANDARD = "gnu++0x";
				CLANG_CXX_LIBRARY = "libc++";
				CLANG_ENABLE_MODULES = YES;
				CLANG_ENABLE_OBJC_ARC = YES;
				CLANG_WARN_BOOL_CONVERSION = YES;
				CLANG_WARN_CONSTANT_CONVERSION = YES;
				CLANG_WARN_DIRECT_OBJC_ISA_USAGE = YES_ERROR;
				CLANG_WARN_EMPTY_BODY = YES;
				CLANG_WARN_ENUM_CONVERSION = YES;
				CLANG_WARN_INT_CONVERSION = YES;
				CLANG_WARN_OBJC_ROOT_CLASS = YES_ERROR;
				CLANG_WARN_UNREACHABLE_CODE = YES;
				CLANG_WARN__DUPLICATE_METHOD_MATCH = YES;
				"CODE_SIGN_IDENTITY[sdk=iphoneos*]" = "iPhone Developer";
				COPY_PHASE_STRIP = NO;
				DEBUG_INFORMATION_FORMAT = "dwarf-with-dsym";
				ENABLE_NS_ASSERTIONS = NO;
				ENABLE_STRICT_OBJC_MSGSEND = YES;
				GCC_C_LANGUAGE_STANDARD = gnu99;
				GCC_NO_COMMON_BLOCKS = YES;
				GCC_WARN_64_TO_32_BIT_CONVERSION = YES;
				GCC_WARN_ABOUT_RETURN_TYPE = YES_ERROR;
				GCC_WARN_UNDECLARED_SELECTOR = YES;
				GCC_WARN_UNINITIALIZED_AUTOS = YES_AGGRESSIVE;
				GCC_WARN_UNUSED_FUNCTION = YES;
				GCC_WARN_UNUSED_VARIABLE = YES;
				IPHONEOS_DEPLOYMENT_TARGET = 8.4;
				MTL_ENABLE_DEBUG_INFO = NO;
				SDKROOT = iphoneos;
				VALIDATE_PRODUCT = YES;
			};
			name = Release;
		};
		81ADBCF81B82EABB0028E1C8 /* Debug */ = {
			isa = XCBuildConfiguration;
			buildSettings = {
				ASSETCATALOG_COMPILER_APPICON_NAME = AppIcon;
				INFOPLIST_FILE = VirtualTourist/Info.plist;
				LD_RUNPATH_SEARCH_PATHS = "$(inherited) @executable_path/Frameworks";
				PRODUCT_NAME = "$(TARGET_NAME)";
			};
			name = Debug;
		};
		81ADBCF91B82EABB0028E1C8 /* Release */ = {
			isa = XCBuildConfiguration;
			buildSettings = {
				ASSETCATALOG_COMPILER_APPICON_NAME = AppIcon;
				INFOPLIST_FILE = VirtualTourist/Info.plist;
				LD_RUNPATH_SEARCH_PATHS = "$(inherited) @executable_path/Frameworks";
				PRODUCT_NAME = "$(TARGET_NAME)";
			};
			name = Release;
		};
		81ADBCFB1B82EABB0028E1C8 /* Debug */ = {
			isa = XCBuildConfiguration;
			buildSettings = {
				BUNDLE_LOADER = "$(TEST_HOST)";
				FRAMEWORK_SEARCH_PATHS = (
					"$(SDKROOT)/Developer/Library/Frameworks",
					"$(inherited)",
				);
				GCC_PREPROCESSOR_DEFINITIONS = (
					"DEBUG=1",
					"$(inherited)",
				);
				INFOPLIST_FILE = VirtualTouristTests/Info.plist;
				LD_RUNPATH_SEARCH_PATHS = "$(inherited) @executable_path/Frameworks @loader_path/Frameworks";
				PRODUCT_NAME = "$(TARGET_NAME)";
				TEST_HOST = "$(BUILT_PRODUCTS_DIR)/VirtualTourist.app/VirtualTourist";
			};
			name = Debug;
		};
		81ADBCFC1B82EABB0028E1C8 /* Release */ = {
			isa = XCBuildConfiguration;
			buildSettings = {
				BUNDLE_LOADER = "$(TEST_HOST)";
				FRAMEWORK_SEARCH_PATHS = (
					"$(SDKROOT)/Developer/Library/Frameworks",
					"$(inherited)",
				);
				INFOPLIST_FILE = VirtualTouristTests/Info.plist;
				LD_RUNPATH_SEARCH_PATHS = "$(inherited) @executable_path/Frameworks @loader_path/Frameworks";
				PRODUCT_NAME = "$(TARGET_NAME)";
				TEST_HOST = "$(BUILT_PRODUCTS_DIR)/VirtualTourist.app/VirtualTourist";
			};
			name = Release;
		};
/* End XCBuildConfiguration section */

/* Begin XCConfigurationList section */
		81ADBCD01B82EABA0028E1C8 /* Build configuration list for PBXProject "VirtualTourist" */ = {
			isa = XCConfigurationList;
			buildConfigurations = (
				81ADBCF51B82EABB0028E1C8 /* Debug */,
				81ADBCF61B82EABB0028E1C8 /* Release */,
			);
			defaultConfigurationIsVisible = 0;
			defaultConfigurationName = Release;
		};
		81ADBCF71B82EABB0028E1C8 /* Build configuration list for PBXNativeTarget "VirtualTourist" */ = {
			isa = XCConfigurationList;
			buildConfigurations = (
				81ADBCF81B82EABB0028E1C8 /* Debug */,
				81ADBCF91B82EABB0028E1C8 /* Release */,
			);
			defaultConfigurationIsVisible = 0;
			defaultConfigurationName = Release;
		};
		81ADBCFA1B82EABB0028E1C8 /* Build configuration list for PBXNativeTarget "VirtualTouristTests" */ = {
			isa = XCConfigurationList;
			buildConfigurations = (
				81ADBCFB1B82EABB0028E1C8 /* Debug */,
				81ADBCFC1B82EABB0028E1C8 /* Release */,
			);
			defaultConfigurationIsVisible = 0;
			defaultConfigurationName = Release;
		};
/* End XCConfigurationList section */

/* Begin XCVersionGroup section */
		81ADBCDC1B82EABA0028E1C8 /* VirtualTourist.xcdatamodeld */ = {
			isa = XCVersionGroup;
			children = (
				81ADBCDD1B82EABA0028E1C8 /* VirtualTourist.xcdatamodel */,
			);
			currentVersion = 81ADBCDD1B82EABA0028E1C8 /* VirtualTourist.xcdatamodel */;
			path = VirtualTourist.xcdatamodeld;
			sourceTree = "<group>";
			versionGroupType = wrapper.xcdatamodel;
		};
/* End XCVersionGroup section */
	};
	rootObject = 81ADBCCD1B82EABA0028E1C8 /* Project object */;
}
